// !$*UTF8*$!
{
	archiveVersion = 1;
	classes = {
	};
	objectVersion = 56;
	objects = {

/* Begin PBXBuildFile section */
		5CA2709C2BBBD34100DC0E46 /* AppDelegate.swift in Sources */ = {isa = PBXBuildFile; fileRef = 5CA2709B2BBBD34100DC0E46 /* AppDelegate.swift */; };
		5CA2709E2BBBD34100DC0E46 /* SceneDelegate.swift in Sources */ = {isa = PBXBuildFile; fileRef = 5CA2709D2BBBD34100DC0E46 /* SceneDelegate.swift */; };
		5CA270A52BBBD34300DC0E46 /* Assets.xcassets in Resources */ = {isa = PBXBuildFile; fileRef = 5CA270A42BBBD34300DC0E46 /* Assets.xcassets */; };
		5CA270A82BBBD34300DC0E46 /* LaunchScreen.storyboard in Resources */ = {isa = PBXBuildFile; fileRef = 5CA270A62BBBD34300DC0E46 /* LaunchScreen.storyboard */; };
		5CA270BF2BBBD34300DC0E46 /* UIKitTemplateUITestsLaunchTests.swift in Sources */ = {isa = PBXBuildFile; fileRef = 5CA270BE2BBBD34300DC0E46 /* UIKitTemplateUITestsLaunchTests.swift */; };
		5CA270D12BBBD38B00DC0E46 /* Assembler.swift in Sources */ = {isa = PBXBuildFile; fileRef = 5CA270CF2BBBD38B00DC0E46 /* Assembler.swift */; };
		5CA270D22BBBD38B00DC0E46 /* ConcreteAssembler.swift in Sources */ = {isa = PBXBuildFile; fileRef = 5CA270D02BBBD38B00DC0E46 /* ConcreteAssembler.swift */; };
		5CA270D62BBBD39100DC0E46 /* Router.swift in Sources */ = {isa = PBXBuildFile; fileRef = 5CA270D42BBBD39100DC0E46 /* Router.swift */; };
		5CA270D72BBBD39100DC0E46 /* ParentCoordinator.swift in Sources */ = {isa = PBXBuildFile; fileRef = 5CA270D52BBBD39100DC0E46 /* ParentCoordinator.swift */; };
		5CA270EC2BBBD39800DC0E46 /* DetailsViewAssembling.swift in Sources */ = {isa = PBXBuildFile; fileRef = 5CA270DB2BBBD39800DC0E46 /* DetailsViewAssembling.swift */; };
		5CA270ED2BBBD39800DC0E46 /* DetailsRouter.swift in Sources */ = {isa = PBXBuildFile; fileRef = 5CA270DD2BBBD39800DC0E46 /* DetailsRouter.swift */; };
		5CA270EE2BBBD39800DC0E46 /* DetailsCoordinator.swift in Sources */ = {isa = PBXBuildFile; fileRef = 5CA270DE2BBBD39800DC0E46 /* DetailsCoordinator.swift */; };
		5CA270EF2BBBD39800DC0E46 /* BasicDetailsViewController.swift in Sources */ = {isa = PBXBuildFile; fileRef = 5CA270E02BBBD39800DC0E46 /* BasicDetailsViewController.swift */; };
		5CA270F02BBBD39800DC0E46 /* BasicDetailsViewModel.swift in Sources */ = {isa = PBXBuildFile; fileRef = 5CA270E12BBBD39800DC0E46 /* BasicDetailsViewModel.swift */; };
		5CA270F12BBBD39800DC0E46 /* BasicDetailsViewController.xib in Resources */ = {isa = PBXBuildFile; fileRef = 5CA270E22BBBD39800DC0E46 /* BasicDetailsViewController.xib */; };
		5CA270F22BBBD39800DC0E46 /* MainMenuAssembling.swift in Sources */ = {isa = PBXBuildFile; fileRef = 5CA270E52BBBD39800DC0E46 /* MainMenuAssembling.swift */; };
		5CA270F32BBBD39800DC0E46 /* MainMenuRouter.swift in Sources */ = {isa = PBXBuildFile; fileRef = 5CA270E72BBBD39800DC0E46 /* MainMenuRouter.swift */; };
		5CA270F42BBBD39800DC0E46 /* MainMenuCoordinator.swift in Sources */ = {isa = PBXBuildFile; fileRef = 5CA270E82BBBD39800DC0E46 /* MainMenuCoordinator.swift */; };
		5CA270F62BBBD39800DC0E46 /* MainMenuViewModel.swift in Sources */ = {isa = PBXBuildFile; fileRef = 5CA270EA2BBBD39800DC0E46 /* MainMenuViewModel.swift */; };
		5CA270FB2BBBD3A400DC0E46 /* Font.swift in Sources */ = {isa = PBXBuildFile; fileRef = 5CA270F92BBBD3A400DC0E46 /* Font.swift */; };
		5CA270FC2BBBD3A400DC0E46 /* Color.swift in Sources */ = {isa = PBXBuildFile; fileRef = 5CA270FA2BBBD3A400DC0E46 /* Color.swift */; };
		5CA270FE2BBBD40400DC0E46 /* Colors.xcassets in Resources */ = {isa = PBXBuildFile; fileRef = 5CA270FD2BBBD40400DC0E46 /* Colors.xcassets */; };
		5CA271002BBBD40B00DC0E46 /* Cairo-Regular.ttf in Resources */ = {isa = PBXBuildFile; fileRef = 5CA270FF2BBBD40B00DC0E46 /* Cairo-Regular.ttf */; };
		5CA271042BBBD50400DC0E46 /* Localizable.xcstrings in Resources */ = {isa = PBXBuildFile; fileRef = 5CA271032BBBD50400DC0E46 /* Localizable.xcstrings */; };
		5CA271062BBDB7B700DC0E46 /* TodoService.swift in Sources */ = {isa = PBXBuildFile; fileRef = 5CA271052BBDB7B700DC0E46 /* TodoService.swift */; };
		5CA271092BBDB7EE00DC0E46 /* RemoteTodoService.swift in Sources */ = {isa = PBXBuildFile; fileRef = 5CA271082BBDB7EE00DC0E46 /* RemoteTodoService.swift */; };
		5CA2710F2BBDBA4A00DC0E46 /* ViewStateError.swift in Sources */ = {isa = PBXBuildFile; fileRef = 5CA2710E2BBDBA4A00DC0E46 /* ViewStateError.swift */; };
		5CA271112BBDBB1E00DC0E46 /* MainMenuViewState.swift in Sources */ = {isa = PBXBuildFile; fileRef = 5CA271102BBDBB1E00DC0E46 /* MainMenuViewState.swift */; };
		5CA271132BBF2BA100DC0E46 /* CombineCancellableHolder.swift in Sources */ = {isa = PBXBuildFile; fileRef = 5CA271122BBF2BA100DC0E46 /* CombineCancellableHolder.swift */; };
		5CA271152BBF2F1100DC0E46 /* AppDependencyProvider.swift in Sources */ = {isa = PBXBuildFile; fileRef = 5CA271142BBF2F1100DC0E46 /* AppDependencyProvider.swift */; };
		5CA271172BBF2F8600DC0E46 /* AppCoordinator.swift in Sources */ = {isa = PBXBuildFile; fileRef = 5CA271162BBF2F8600DC0E46 /* AppCoordinator.swift */; };
		5CA271192BBF327800DC0E46 /* AdditionalDetailsAssembling.swift in Sources */ = {isa = PBXBuildFile; fileRef = 5CA271182BBF327800DC0E46 /* AdditionalDetailsAssembling.swift */; };
		5CA2711B2BBF329700DC0E46 /* AdditionalDetailsViewModel.swift in Sources */ = {isa = PBXBuildFile; fileRef = 5CA2711A2BBF329700DC0E46 /* AdditionalDetailsViewModel.swift */; };
		5CA2711E2BBF32A500DC0E46 /* AdditionalDetailsViewController.swift in Sources */ = {isa = PBXBuildFile; fileRef = 5CA2711D2BBF32A500DC0E46 /* AdditionalDetailsViewController.swift */; };
		5CA271202BBF32B100DC0E46 /* AdditionalDetailsViewController.xib in Resources */ = {isa = PBXBuildFile; fileRef = 5CA2711F2BBF32B100DC0E46 /* AdditionalDetailsViewController.xib */; };
		5CA2712B2BBF4EEA00DC0E46 /* MainMenuViewController.swift in Sources */ = {isa = PBXBuildFile; fileRef = 5CA271292BBF4EEA00DC0E46 /* MainMenuViewController.swift */; };
		5CA2712C2BBF4EEA00DC0E46 /* MainMenuViewController.xib in Resources */ = {isa = PBXBuildFile; fileRef = 5CA2712A2BBF4EEA00DC0E46 /* MainMenuViewController.xib */; };
		5CA2712E2BBFC62000DC0E46 /* Localizable.swift in Sources */ = {isa = PBXBuildFile; fileRef = 5CA2712D2BBFC62000DC0E46 /* Localizable.swift */; };
		5CD3D6E12BC05AC100D7CFBA /* Todo.swift in Sources */ = {isa = PBXBuildFile; fileRef = 5CD3D6E02BC05AC100D7CFBA /* Todo.swift */; };
		5CD3D6E32BC05B5B00D7CFBA /* MainMenuViewModelTests.swift in Sources */ = {isa = PBXBuildFile; fileRef = 5CD3D6E22BC05B5B00D7CFBA /* MainMenuViewModelTests.swift */; };
		5CD3D6EB2BC05C1B00D7CFBA /* MockTodoService.swift in Sources */ = {isa = PBXBuildFile; fileRef = 5CD3D6EA2BC05C1B00D7CFBA /* MockTodoService.swift */; };
		5CD3D6EE2BC1142000D7CFBA /* TodoServiceError.swift in Sources */ = {isa = PBXBuildFile; fileRef = 5CD3D6ED2BC1142000D7CFBA /* TodoServiceError.swift */; };
		5CD3D6F12BC17DAB00D7CFBA /* TodoBuilder.swift in Sources */ = {isa = PBXBuildFile; fileRef = 5CD3D6F02BC17DAB00D7CFBA /* TodoBuilder.swift */; };
		5CD3D6F32BC32D5400D7CFBA /* TodoServiceErrorExtensions.swift in Sources */ = {isa = PBXBuildFile; fileRef = 5CD3D6F22BC32D5400D7CFBA /* TodoServiceErrorExtensions.swift */; };
/* End PBXBuildFile section */

/* Begin PBXContainerItemProxy section */
		5CA270AF2BBBD34300DC0E46 /* PBXContainerItemProxy */ = {
			isa = PBXContainerItemProxy;
			containerPortal = 5CA270902BBBD34100DC0E46 /* Project object */;
			proxyType = 1;
			remoteGlobalIDString = 5CA270972BBBD34100DC0E46;
			remoteInfo = UIKitTemplate;
		};
		5CA270B92BBBD34300DC0E46 /* PBXContainerItemProxy */ = {
			isa = PBXContainerItemProxy;
			containerPortal = 5CA270902BBBD34100DC0E46 /* Project object */;
			proxyType = 1;
			remoteGlobalIDString = 5CA270972BBBD34100DC0E46;
			remoteInfo = UIKitTemplate;
		};
/* End PBXContainerItemProxy section */

/* Begin PBXFileReference section */
		5CA270982BBBD34100DC0E46 /* UIKitTemplate.app */ = {isa = PBXFileReference; explicitFileType = wrapper.application; includeInIndex = 0; path = UIKitTemplate.app; sourceTree = BUILT_PRODUCTS_DIR; };
		5CA2709B2BBBD34100DC0E46 /* AppDelegate.swift */ = {isa = PBXFileReference; lastKnownFileType = sourcecode.swift; path = AppDelegate.swift; sourceTree = "<group>"; };
		5CA2709D2BBBD34100DC0E46 /* SceneDelegate.swift */ = {isa = PBXFileReference; lastKnownFileType = sourcecode.swift; path = SceneDelegate.swift; sourceTree = "<group>"; };
		5CA270A42BBBD34300DC0E46 /* Assets.xcassets */ = {isa = PBXFileReference; lastKnownFileType = folder.assetcatalog; path = Assets.xcassets; sourceTree = "<group>"; };
		5CA270A72BBBD34300DC0E46 /* Base */ = {isa = PBXFileReference; lastKnownFileType = file.storyboard; name = Base; path = Base.lproj/LaunchScreen.storyboard; sourceTree = "<group>"; };
		5CA270A92BBBD34300DC0E46 /* Info.plist */ = {isa = PBXFileReference; lastKnownFileType = text.plist.xml; path = Info.plist; sourceTree = "<group>"; };
		5CA270AE2BBBD34300DC0E46 /* UIKitTemplateTests.xctest */ = {isa = PBXFileReference; explicitFileType = wrapper.cfbundle; includeInIndex = 0; path = UIKitTemplateTests.xctest; sourceTree = BUILT_PRODUCTS_DIR; };
		5CA270B82BBBD34300DC0E46 /* UIKitTemplateUITests.xctest */ = {isa = PBXFileReference; explicitFileType = wrapper.cfbundle; includeInIndex = 0; path = UIKitTemplateUITests.xctest; sourceTree = BUILT_PRODUCTS_DIR; };
		5CA270BE2BBBD34300DC0E46 /* UIKitTemplateUITestsLaunchTests.swift */ = {isa = PBXFileReference; lastKnownFileType = sourcecode.swift; path = UIKitTemplateUITestsLaunchTests.swift; sourceTree = "<group>"; };
		5CA270CF2BBBD38B00DC0E46 /* Assembler.swift */ = {isa = PBXFileReference; fileEncoding = 4; lastKnownFileType = sourcecode.swift; path = Assembler.swift; sourceTree = "<group>"; };
		5CA270D02BBBD38B00DC0E46 /* ConcreteAssembler.swift */ = {isa = PBXFileReference; fileEncoding = 4; lastKnownFileType = sourcecode.swift; path = ConcreteAssembler.swift; sourceTree = "<group>"; };
		5CA270D42BBBD39100DC0E46 /* Router.swift */ = {isa = PBXFileReference; fileEncoding = 4; lastKnownFileType = sourcecode.swift; path = Router.swift; sourceTree = "<group>"; };
		5CA270D52BBBD39100DC0E46 /* ParentCoordinator.swift */ = {isa = PBXFileReference; fileEncoding = 4; lastKnownFileType = sourcecode.swift; path = ParentCoordinator.swift; sourceTree = "<group>"; };
		5CA270DB2BBBD39800DC0E46 /* DetailsViewAssembling.swift */ = {isa = PBXFileReference; fileEncoding = 4; lastKnownFileType = sourcecode.swift; path = DetailsViewAssembling.swift; sourceTree = "<group>"; };
		5CA270DD2BBBD39800DC0E46 /* DetailsRouter.swift */ = {isa = PBXFileReference; fileEncoding = 4; lastKnownFileType = sourcecode.swift; path = DetailsRouter.swift; sourceTree = "<group>"; };
		5CA270DE2BBBD39800DC0E46 /* DetailsCoordinator.swift */ = {isa = PBXFileReference; fileEncoding = 4; lastKnownFileType = sourcecode.swift; path = DetailsCoordinator.swift; sourceTree = "<group>"; };
		5CA270E02BBBD39800DC0E46 /* BasicDetailsViewController.swift */ = {isa = PBXFileReference; fileEncoding = 4; lastKnownFileType = sourcecode.swift; path = BasicDetailsViewController.swift; sourceTree = "<group>"; };
		5CA270E12BBBD39800DC0E46 /* BasicDetailsViewModel.swift */ = {isa = PBXFileReference; fileEncoding = 4; lastKnownFileType = sourcecode.swift; path = BasicDetailsViewModel.swift; sourceTree = "<group>"; };
		5CA270E22BBBD39800DC0E46 /* BasicDetailsViewController.xib */ = {isa = PBXFileReference; fileEncoding = 4; lastKnownFileType = file.xib; path = BasicDetailsViewController.xib; sourceTree = "<group>"; };
		5CA270E52BBBD39800DC0E46 /* MainMenuAssembling.swift */ = {isa = PBXFileReference; fileEncoding = 4; lastKnownFileType = sourcecode.swift; path = MainMenuAssembling.swift; sourceTree = "<group>"; };
		5CA270E72BBBD39800DC0E46 /* MainMenuRouter.swift */ = {isa = PBXFileReference; fileEncoding = 4; lastKnownFileType = sourcecode.swift; path = MainMenuRouter.swift; sourceTree = "<group>"; };
		5CA270E82BBBD39800DC0E46 /* MainMenuCoordinator.swift */ = {isa = PBXFileReference; fileEncoding = 4; lastKnownFileType = sourcecode.swift; path = MainMenuCoordinator.swift; sourceTree = "<group>"; };
		5CA270EA2BBBD39800DC0E46 /* MainMenuViewModel.swift */ = {isa = PBXFileReference; fileEncoding = 4; lastKnownFileType = sourcecode.swift; path = MainMenuViewModel.swift; sourceTree = "<group>"; };
		5CA270F92BBBD3A400DC0E46 /* Font.swift */ = {isa = PBXFileReference; fileEncoding = 4; lastKnownFileType = sourcecode.swift; path = Font.swift; sourceTree = "<group>"; };
		5CA270FA2BBBD3A400DC0E46 /* Color.swift */ = {isa = PBXFileReference; fileEncoding = 4; lastKnownFileType = sourcecode.swift; path = Color.swift; sourceTree = "<group>"; };
		5CA270FD2BBBD40400DC0E46 /* Colors.xcassets */ = {isa = PBXFileReference; lastKnownFileType = folder.assetcatalog; path = Colors.xcassets; sourceTree = "<group>"; };
		5CA270FF2BBBD40B00DC0E46 /* Cairo-Regular.ttf */ = {isa = PBXFileReference; lastKnownFileType = file; path = "Cairo-Regular.ttf"; sourceTree = "<group>"; };
		5CA271032BBBD50400DC0E46 /* Localizable.xcstrings */ = {isa = PBXFileReference; lastKnownFileType = text.json.xcstrings; path = Localizable.xcstrings; sourceTree = "<group>"; };
		5CA271052BBDB7B700DC0E46 /* TodoService.swift */ = {isa = PBXFileReference; lastKnownFileType = sourcecode.swift; path = TodoService.swift; sourceTree = "<group>"; };
		5CA271082BBDB7EE00DC0E46 /* RemoteTodoService.swift */ = {isa = PBXFileReference; lastKnownFileType = sourcecode.swift; path = RemoteTodoService.swift; sourceTree = "<group>"; };
		5CA2710E2BBDBA4A00DC0E46 /* ViewStateError.swift */ = {isa = PBXFileReference; fileEncoding = 4; lastKnownFileType = sourcecode.swift; path = ViewStateError.swift; sourceTree = "<group>"; };
		5CA271102BBDBB1E00DC0E46 /* MainMenuViewState.swift */ = {isa = PBXFileReference; lastKnownFileType = sourcecode.swift; path = MainMenuViewState.swift; sourceTree = "<group>"; };
		5CA271122BBF2BA100DC0E46 /* CombineCancellableHolder.swift */ = {isa = PBXFileReference; fileEncoding = 4; lastKnownFileType = sourcecode.swift; path = CombineCancellableHolder.swift; sourceTree = "<group>"; };
		5CA271142BBF2F1100DC0E46 /* AppDependencyProvider.swift */ = {isa = PBXFileReference; lastKnownFileType = sourcecode.swift; path = AppDependencyProvider.swift; sourceTree = "<group>"; };
		5CA271162BBF2F8600DC0E46 /* AppCoordinator.swift */ = {isa = PBXFileReference; fileEncoding = 4; lastKnownFileType = sourcecode.swift; path = AppCoordinator.swift; sourceTree = "<group>"; };
		5CA271182BBF327800DC0E46 /* AdditionalDetailsAssembling.swift */ = {isa = PBXFileReference; lastKnownFileType = sourcecode.swift; path = AdditionalDetailsAssembling.swift; sourceTree = "<group>"; };
		5CA2711A2BBF329700DC0E46 /* AdditionalDetailsViewModel.swift */ = {isa = PBXFileReference; lastKnownFileType = sourcecode.swift; path = AdditionalDetailsViewModel.swift; sourceTree = "<group>"; };
		5CA2711D2BBF32A500DC0E46 /* AdditionalDetailsViewController.swift */ = {isa = PBXFileReference; lastKnownFileType = sourcecode.swift; path = AdditionalDetailsViewController.swift; sourceTree = "<group>"; };
		5CA2711F2BBF32B100DC0E46 /* AdditionalDetailsViewController.xib */ = {isa = PBXFileReference; lastKnownFileType = file.xib; path = AdditionalDetailsViewController.xib; sourceTree = "<group>"; };
		5CA271292BBF4EEA00DC0E46 /* MainMenuViewController.swift */ = {isa = PBXFileReference; lastKnownFileType = sourcecode.swift; path = MainMenuViewController.swift; sourceTree = "<group>"; };
		5CA2712A2BBF4EEA00DC0E46 /* MainMenuViewController.xib */ = {isa = PBXFileReference; lastKnownFileType = file.xib; path = MainMenuViewController.xib; sourceTree = "<group>"; };
		5CA2712D2BBFC62000DC0E46 /* Localizable.swift */ = {isa = PBXFileReference; lastKnownFileType = sourcecode.swift; path = Localizable.swift; sourceTree = "<group>"; };
		5CD3D6E02BC05AC100D7CFBA /* Todo.swift */ = {isa = PBXFileReference; lastKnownFileType = sourcecode.swift; path = Todo.swift; sourceTree = "<group>"; };
		5CD3D6E22BC05B5B00D7CFBA /* MainMenuViewModelTests.swift */ = {isa = PBXFileReference; lastKnownFileType = sourcecode.swift; path = MainMenuViewModelTests.swift; sourceTree = "<group>"; };
		5CD3D6EA2BC05C1B00D7CFBA /* MockTodoService.swift */ = {isa = PBXFileReference; lastKnownFileType = sourcecode.swift; path = MockTodoService.swift; sourceTree = "<group>"; };
		5CD3D6ED2BC1142000D7CFBA /* TodoServiceError.swift */ = {isa = PBXFileReference; lastKnownFileType = sourcecode.swift; path = TodoServiceError.swift; sourceTree = "<group>"; };
		5CD3D6F02BC17DAB00D7CFBA /* TodoBuilder.swift */ = {isa = PBXFileReference; lastKnownFileType = sourcecode.swift; path = TodoBuilder.swift; sourceTree = "<group>"; };
		5CD3D6F22BC32D5400D7CFBA /* TodoServiceErrorExtensions.swift */ = {isa = PBXFileReference; lastKnownFileType = sourcecode.swift; path = TodoServiceErrorExtensions.swift; sourceTree = "<group>"; };
/* End PBXFileReference section */

/* Begin PBXFrameworksBuildPhase section */
		5CA270952BBBD34100DC0E46 /* Frameworks */ = {
			isa = PBXFrameworksBuildPhase;
			buildActionMask = 2147483647;
			files = (
			);
			runOnlyForDeploymentPostprocessing = 0;
		};
		5CA270AB2BBBD34300DC0E46 /* Frameworks */ = {
			isa = PBXFrameworksBuildPhase;
			buildActionMask = 2147483647;
			files = (
			);
			runOnlyForDeploymentPostprocessing = 0;
		};
		5CA270B52BBBD34300DC0E46 /* Frameworks */ = {
			isa = PBXFrameworksBuildPhase;
			buildActionMask = 2147483647;
			files = (
			);
			runOnlyForDeploymentPostprocessing = 0;
		};
/* End PBXFrameworksBuildPhase section */

/* Begin PBXGroup section */
		5CA2708F2BBBD34100DC0E46 = {
			isa = PBXGroup;
			children = (
				5CA2709A2BBBD34100DC0E46 /* UIKitTemplate */,
				5CA270B12BBBD34300DC0E46 /* UIKitTemplateTests */,
				5CA270BB2BBBD34300DC0E46 /* UIKitTemplateUITests */,
				5CA270992BBBD34100DC0E46 /* Products */,
			);
			sourceTree = "<group>";
		};
		5CA270992BBBD34100DC0E46 /* Products */ = {
			isa = PBXGroup;
			children = (
				5CA270982BBBD34100DC0E46 /* UIKitTemplate.app */,
				5CA270AE2BBBD34300DC0E46 /* UIKitTemplateTests.xctest */,
				5CA270B82BBBD34300DC0E46 /* UIKitTemplateUITests.xctest */,
			);
			name = Products;
			sourceTree = "<group>";
		};
		5CA2709A2BBBD34100DC0E46 /* UIKitTemplate */ = {
			isa = PBXGroup;
			children = (
				5CA2710B2BBDBA2100DC0E46 /* Source */,
				5CA270CD2BBBD37C00DC0E46 /* Resources */,
			);
			path = UIKitTemplate;
			sourceTree = "<group>";
		};
		5CA270B12BBBD34300DC0E46 /* UIKitTemplateTests */ = {
			isa = PBXGroup;
			children = (
				5CD3D6E42BC05B6400D7CFBA /* Source */,
			);
			path = UIKitTemplateTests;
			sourceTree = "<group>";
		};
		5CA270BB2BBBD34300DC0E46 /* UIKitTemplateUITests */ = {
			isa = PBXGroup;
			children = (
				5CA270BE2BBBD34300DC0E46 /* UIKitTemplateUITestsLaunchTests.swift */,
			);
			path = UIKitTemplateUITests;
			sourceTree = "<group>";
		};
		5CA270CB2BBBD36200DC0E46 /* App */ = {
			isa = PBXGroup;
			children = (
				5CA271162BBF2F8600DC0E46 /* AppCoordinator.swift */,
				5CA2709B2BBBD34100DC0E46 /* AppDelegate.swift */,
				5CA271142BBF2F1100DC0E46 /* AppDependencyProvider.swift */,
				5CA2709D2BBBD34100DC0E46 /* SceneDelegate.swift */,
			);
			path = App;
			sourceTree = "<group>";
		};
		5CA270CC2BBBD36F00DC0E46 /* Storyboards */ = {
			isa = PBXGroup;
			children = (
				5CA270A62BBBD34300DC0E46 /* LaunchScreen.storyboard */,
			);
			path = Storyboards;
			sourceTree = "<group>";
		};
		5CA270CD2BBBD37C00DC0E46 /* Resources */ = {
			isa = PBXGroup;
			children = (
				5CA270A42BBBD34300DC0E46 /* Assets.xcassets */,
				5CA270FF2BBBD40B00DC0E46 /* Cairo-Regular.ttf */,
				5CA270FD2BBBD40400DC0E46 /* Colors.xcassets */,
				5CA270A92BBBD34300DC0E46 /* Info.plist */,
				5CA271032BBBD50400DC0E46 /* Localizable.xcstrings */,
			);
			path = Resources;
			sourceTree = "<group>";
		};
		5CA270CE2BBBD38B00DC0E46 /* Assembly */ = {
			isa = PBXGroup;
			children = (
				5CA270CF2BBBD38B00DC0E46 /* Assembler.swift */,
				5CA270D02BBBD38B00DC0E46 /* ConcreteAssembler.swift */,
			);
			path = Assembly;
			sourceTree = "<group>";
		};
		5CA270D32BBBD39100DC0E46 /* Navigation */ = {
			isa = PBXGroup;
			children = (
				5CA270D42BBBD39100DC0E46 /* Router.swift */,
				5CA270D52BBBD39100DC0E46 /* ParentCoordinator.swift */,
			);
			path = Navigation;
			sourceTree = "<group>";
		};
		5CA270D82BBBD39800DC0E46 /* Screens */ = {
			isa = PBXGroup;
			children = (
				5CA270D92BBBD39800DC0E46 /* Details */,
				5CA270E32BBBD39800DC0E46 /* MainMenu */,
			);
			path = Screens;
			sourceTree = "<group>";
		};
		5CA270D92BBBD39800DC0E46 /* Details */ = {
			isa = PBXGroup;
			children = (
				5CA2711C2BBF329A00DC0E46 /* AdditionalDetails */,
				5CA270DA2BBBD39800DC0E46 /* Assembly */,
				5CA270DF2BBBD39800DC0E46 /* BasicDetails */,
				5CA270DC2BBBD39800DC0E46 /* Navigation */,
			);
			path = Details;
			sourceTree = "<group>";
		};
		5CA270DA2BBBD39800DC0E46 /* Assembly */ = {
			isa = PBXGroup;
			children = (
				5CA270DB2BBBD39800DC0E46 /* DetailsViewAssembling.swift */,
				5CA271182BBF327800DC0E46 /* AdditionalDetailsAssembling.swift */,
			);
			path = Assembly;
			sourceTree = "<group>";
		};
		5CA270DC2BBBD39800DC0E46 /* Navigation */ = {
			isa = PBXGroup;
			children = (
				5CA270DE2BBBD39800DC0E46 /* DetailsCoordinator.swift */,
				5CA270DD2BBBD39800DC0E46 /* DetailsRouter.swift */,
			);
			path = Navigation;
			sourceTree = "<group>";
		};
		5CA270DF2BBBD39800DC0E46 /* BasicDetails */ = {
			isa = PBXGroup;
			children = (
				5CA270E02BBBD39800DC0E46 /* BasicDetailsViewController.swift */,
				5CA270E22BBBD39800DC0E46 /* BasicDetailsViewController.xib */,
				5CA270E12BBBD39800DC0E46 /* BasicDetailsViewModel.swift */,
			);
			path = BasicDetails;
			sourceTree = "<group>";
		};
		5CA270E32BBBD39800DC0E46 /* MainMenu */ = {
			isa = PBXGroup;
			children = (
				5CA270E42BBBD39800DC0E46 /* Assembly */,
				5CA270E62BBBD39800DC0E46 /* Navigation */,
				5CA271292BBF4EEA00DC0E46 /* MainMenuViewController.swift */,
				5CA2712A2BBF4EEA00DC0E46 /* MainMenuViewController.xib */,
				5CA270EA2BBBD39800DC0E46 /* MainMenuViewModel.swift */,
				5CA271102BBDBB1E00DC0E46 /* MainMenuViewState.swift */,
			);
			path = MainMenu;
			sourceTree = "<group>";
		};
		5CA270E42BBBD39800DC0E46 /* Assembly */ = {
			isa = PBXGroup;
			children = (
				5CA270E52BBBD39800DC0E46 /* MainMenuAssembling.swift */,
			);
			path = Assembly;
			sourceTree = "<group>";
		};
		5CA270E62BBBD39800DC0E46 /* Navigation */ = {
			isa = PBXGroup;
			children = (
				5CA270E72BBBD39800DC0E46 /* MainMenuRouter.swift */,
				5CA270E82BBBD39800DC0E46 /* MainMenuCoordinator.swift */,
			);
			path = Navigation;
			sourceTree = "<group>";
		};
		5CA270F82BBBD3A400DC0E46 /* Utilities */ = {
			isa = PBXGroup;
			children = (
				5CA270FA2BBBD3A400DC0E46 /* Color.swift */,
				5CA271122BBF2BA100DC0E46 /* CombineCancellableHolder.swift */,
				5CA270F92BBBD3A400DC0E46 /* Font.swift */,
				5CA2712D2BBFC62000DC0E46 /* Localizable.swift */,
			);
			path = Utilities;
			sourceTree = "<group>";
		};
		5CA271072BBDB7BB00DC0E46 /* Services */ = {
			isa = PBXGroup;
			children = (
				5CA2710A2BBDB7F200DC0E46 /* TodoService */,
			);
			path = Services;
			sourceTree = "<group>";
		};
		5CA2710A2BBDB7F200DC0E46 /* TodoService */ = {
			isa = PBXGroup;
			children = (
				5CA271082BBDB7EE00DC0E46 /* RemoteTodoService.swift */,
				5CD3D6E02BC05AC100D7CFBA /* Todo.swift */,
				5CA271052BBDB7B700DC0E46 /* TodoService.swift */,
				5CD3D6ED2BC1142000D7CFBA /* TodoServiceError.swift */,
			);
			path = TodoService;
			sourceTree = "<group>";
		};
		5CA2710B2BBDBA2100DC0E46 /* Source */ = {
			isa = PBXGroup;
			children = (
				5CA270CB2BBBD36200DC0E46 /* App */,
				5CA270CE2BBBD38B00DC0E46 /* Assembly */,
				5CA270D32BBBD39100DC0E46 /* Navigation */,
				5CA270D82BBBD39800DC0E46 /* Screens */,
				5CA271072BBDB7BB00DC0E46 /* Services */,
				5CA270CC2BBBD36F00DC0E46 /* Storyboards */,
				5CD3D6F52BC32DAC00D7CFBA /* Errors */,
				5CA270F82BBBD3A400DC0E46 /* Utilities */,
			);
			path = Source;
			sourceTree = "<group>";
		};
		5CA2711C2BBF329A00DC0E46 /* AdditionalDetails */ = {
			isa = PBXGroup;
			children = (
				5CA2711D2BBF32A500DC0E46 /* AdditionalDetailsViewController.swift */,
				5CA2711F2BBF32B100DC0E46 /* AdditionalDetailsViewController.xib */,
				5CA2711A2BBF329700DC0E46 /* AdditionalDetailsViewModel.swift */,
			);
			path = AdditionalDetails;
			sourceTree = "<group>";
		};
		5CD3D6E42BC05B6400D7CFBA /* Source */ = {
			isa = PBXGroup;
			children = (
				5CD3D6E52BC05B6B00D7CFBA /* Screens */,
				5CD3D6EC2BC05C2200D7CFBA /* Services */,
			);
			path = Source;
			sourceTree = "<group>";
		};
		5CD3D6E52BC05B6B00D7CFBA /* Screens */ = {
			isa = PBXGroup;
			children = (
				5CD3D6E62BC05B7400D7CFBA /* MainMenu */,
			);
			path = Screens;
			sourceTree = "<group>";
		};
		5CD3D6E62BC05B7400D7CFBA /* MainMenu */ = {
			isa = PBXGroup;
			children = (
				5CD3D6E22BC05B5B00D7CFBA /* MainMenuViewModelTests.swift */,
			);
			path = MainMenu;
			sourceTree = "<group>";
		};
		5CD3D6EC2BC05C2200D7CFBA /* Services */ = {
			isa = PBXGroup;
			children = (
				5CD3D6EF2BC17D9400D7CFBA /* TodoService */,
			);
			path = Services;
			sourceTree = "<group>";
		};
		5CD3D6EF2BC17D9400D7CFBA /* TodoService */ = {
			isa = PBXGroup;
			children = (
				5CD3D6EA2BC05C1B00D7CFBA /* MockTodoService.swift */,
				5CD3D6F02BC17DAB00D7CFBA /* TodoBuilder.swift */,
			);
			path = TodoService;
			sourceTree = "<group>";
		};
		5CD3D6F52BC32DAC00D7CFBA /* Errors */ = {
			isa = PBXGroup;
			children = (
				5CD3D6F22BC32D5400D7CFBA /* TodoServiceErrorExtensions.swift */,
				5CA2710E2BBDBA4A00DC0E46 /* ViewStateError.swift */,
			);
			path = Errors;
			sourceTree = "<group>";
		};
/* End PBXGroup section */

/* Begin PBXNativeTarget section */
		5CA270972BBBD34100DC0E46 /* UIKitTemplate */ = {
			isa = PBXNativeTarget;
			buildConfigurationList = 5CA270C22BBBD34300DC0E46 /* Build configuration list for PBXNativeTarget "UIKitTemplate" */;
			buildPhases = (
				5CA270942BBBD34100DC0E46 /* Sources */,
				5CA270952BBBD34100DC0E46 /* Frameworks */,
				5CA270962BBBD34100DC0E46 /* Resources */,
			);
			buildRules = (
			);
			dependencies = (
			);
			name = UIKitTemplate;
			productName = UIKitTemplate;
			productReference = 5CA270982BBBD34100DC0E46 /* UIKitTemplate.app */;
			productType = "com.apple.product-type.application";
		};
		5CA270AD2BBBD34300DC0E46 /* UIKitTemplateTests */ = {
			isa = PBXNativeTarget;
			buildConfigurationList = 5CA270C52BBBD34300DC0E46 /* Build configuration list for PBXNativeTarget "UIKitTemplateTests" */;
			buildPhases = (
				5CA270AA2BBBD34300DC0E46 /* Sources */,
				5CA270AB2BBBD34300DC0E46 /* Frameworks */,
				5CA270AC2BBBD34300DC0E46 /* Resources */,
			);
			buildRules = (
			);
			dependencies = (
				5CA270B02BBBD34300DC0E46 /* PBXTargetDependency */,
			);
			name = UIKitTemplateTests;
			productName = UIKitTemplateTests;
			productReference = 5CA270AE2BBBD34300DC0E46 /* UIKitTemplateTests.xctest */;
			productType = "com.apple.product-type.bundle.unit-test";
		};
		5CA270B72BBBD34300DC0E46 /* UIKitTemplateUITests */ = {
			isa = PBXNativeTarget;
			buildConfigurationList = 5CA270C82BBBD34300DC0E46 /* Build configuration list for PBXNativeTarget "UIKitTemplateUITests" */;
			buildPhases = (
				5CA270B42BBBD34300DC0E46 /* Sources */,
				5CA270B52BBBD34300DC0E46 /* Frameworks */,
				5CA270B62BBBD34300DC0E46 /* Resources */,
			);
			buildRules = (
			);
			dependencies = (
				5CA270BA2BBBD34300DC0E46 /* PBXTargetDependency */,
			);
			name = UIKitTemplateUITests;
			productName = UIKitTemplateUITests;
			productReference = 5CA270B82BBBD34300DC0E46 /* UIKitTemplateUITests.xctest */;
			productType = "com.apple.product-type.bundle.ui-testing";
		};
/* End PBXNativeTarget section */

/* Begin PBXProject section */
		5CA270902BBBD34100DC0E46 /* Project object */ = {
			isa = PBXProject;
			attributes = {
				BuildIndependentTargetsInParallel = 1;
				LastSwiftUpdateCheck = 1500;
				LastUpgradeCheck = 1500;
				TargetAttributes = {
					5CA270972BBBD34100DC0E46 = {
						CreatedOnToolsVersion = 15.0.1;
					};
					5CA270AD2BBBD34300DC0E46 = {
						CreatedOnToolsVersion = 15.0.1;
						TestTargetID = 5CA270972BBBD34100DC0E46;
					};
					5CA270B72BBBD34300DC0E46 = {
						CreatedOnToolsVersion = 15.0.1;
						TestTargetID = 5CA270972BBBD34100DC0E46;
					};
				};
			};
			buildConfigurationList = 5CA270932BBBD34100DC0E46 /* Build configuration list for PBXProject "UIKitTemplate" */;
			compatibilityVersion = "Xcode 14.0";
			developmentRegion = en;
			hasScannedForEncodings = 0;
			knownRegions = (
				en,
				Base,
			);
			mainGroup = 5CA2708F2BBBD34100DC0E46;
			productRefGroup = 5CA270992BBBD34100DC0E46 /* Products */;
			projectDirPath = "";
			projectRoot = "";
			targets = (
				5CA270972BBBD34100DC0E46 /* UIKitTemplate */,
				5CA270AD2BBBD34300DC0E46 /* UIKitTemplateTests */,
				5CA270B72BBBD34300DC0E46 /* UIKitTemplateUITests */,
			);
		};
/* End PBXProject section */

/* Begin PBXResourcesBuildPhase section */
		5CA270962BBBD34100DC0E46 /* Resources */ = {
			isa = PBXResourcesBuildPhase;
			buildActionMask = 2147483647;
			files = (
				5CA270A82BBBD34300DC0E46 /* LaunchScreen.storyboard in Resources */,
				5CA2712C2BBF4EEA00DC0E46 /* MainMenuViewController.xib in Resources */,
				5CA271002BBBD40B00DC0E46 /* Cairo-Regular.ttf in Resources */,
				5CA271042BBBD50400DC0E46 /* Localizable.xcstrings in Resources */,
				5CA270A52BBBD34300DC0E46 /* Assets.xcassets in Resources */,
				5CA270F12BBBD39800DC0E46 /* BasicDetailsViewController.xib in Resources */,
				5CA270FE2BBBD40400DC0E46 /* Colors.xcassets in Resources */,
				5CA271202BBF32B100DC0E46 /* AdditionalDetailsViewController.xib in Resources */,
			);
			runOnlyForDeploymentPostprocessing = 0;
		};
		5CA270AC2BBBD34300DC0E46 /* Resources */ = {
			isa = PBXResourcesBuildPhase;
			buildActionMask = 2147483647;
			files = (
			);
			runOnlyForDeploymentPostprocessing = 0;
		};
		5CA270B62BBBD34300DC0E46 /* Resources */ = {
			isa = PBXResourcesBuildPhase;
			buildActionMask = 2147483647;
			files = (
			);
			runOnlyForDeploymentPostprocessing = 0;
		};
/* End PBXResourcesBuildPhase section */

/* Begin PBXSourcesBuildPhase section */
		5CA270942BBBD34100DC0E46 /* Sources */ = {
			isa = PBXSourcesBuildPhase;
			buildActionMask = 2147483647;
			files = (
				5CA270F62BBBD39800DC0E46 /* MainMenuViewModel.swift in Sources */,
				5CA270D12BBBD38B00DC0E46 /* Assembler.swift in Sources */,
				5CA271152BBF2F1100DC0E46 /* AppDependencyProvider.swift in Sources */,
				5CA271192BBF327800DC0E46 /* AdditionalDetailsAssembling.swift in Sources */,
				5CA270D22BBBD38B00DC0E46 /* ConcreteAssembler.swift in Sources */,
				5CA2712B2BBF4EEA00DC0E46 /* MainMenuViewController.swift in Sources */,
				5CA271172BBF2F8600DC0E46 /* AppCoordinator.swift in Sources */,
				5CA2709C2BBBD34100DC0E46 /* AppDelegate.swift in Sources */,
				5CA2710F2BBDBA4A00DC0E46 /* ViewStateError.swift in Sources */,
				5CA2711E2BBF32A500DC0E46 /* AdditionalDetailsViewController.swift in Sources */,
				5CA270EC2BBBD39800DC0E46 /* DetailsViewAssembling.swift in Sources */,
				5CA271112BBDBB1E00DC0E46 /* MainMenuViewState.swift in Sources */,
				5CA270D72BBBD39100DC0E46 /* ParentCoordinator.swift in Sources */,
				5CA270F42BBBD39800DC0E46 /* MainMenuCoordinator.swift in Sources */,
				5CA270F02BBBD39800DC0E46 /* BasicDetailsViewModel.swift in Sources */,
				5CA270EF2BBBD39800DC0E46 /* BasicDetailsViewController.swift in Sources */,
				5CD3D6E12BC05AC100D7CFBA /* Todo.swift in Sources */,
				5CA271062BBDB7B700DC0E46 /* TodoService.swift in Sources */,
				5CA270FC2BBBD3A400DC0E46 /* Color.swift in Sources */,
				5CA270D62BBBD39100DC0E46 /* Router.swift in Sources */,
				5CA271132BBF2BA100DC0E46 /* CombineCancellableHolder.swift in Sources */,
				5CA271092BBDB7EE00DC0E46 /* RemoteTodoService.swift in Sources */,
				5CA2712E2BBFC62000DC0E46 /* Localizable.swift in Sources */,
				5CA270ED2BBBD39800DC0E46 /* DetailsRouter.swift in Sources */,
				5CD3D6F32BC32D5400D7CFBA /* TodoServiceErrorExtensions.swift in Sources */,
				5CA270F32BBBD39800DC0E46 /* MainMenuRouter.swift in Sources */,
				5CD3D6EE2BC1142000D7CFBA /* TodoServiceError.swift in Sources */,
				5CA270FB2BBBD3A400DC0E46 /* Font.swift in Sources */,
				5CA2709E2BBBD34100DC0E46 /* SceneDelegate.swift in Sources */,
				5CA270EE2BBBD39800DC0E46 /* DetailsCoordinator.swift in Sources */,
				5CA2711B2BBF329700DC0E46 /* AdditionalDetailsViewModel.swift in Sources */,
				5CA270F22BBBD39800DC0E46 /* MainMenuAssembling.swift in Sources */,
			);
			runOnlyForDeploymentPostprocessing = 0;
		};
		5CA270AA2BBBD34300DC0E46 /* Sources */ = {
			isa = PBXSourcesBuildPhase;
			buildActionMask = 2147483647;
			files = (
				5CD3D6F12BC17DAB00D7CFBA /* TodoBuilder.swift in Sources */,
				5CD3D6E32BC05B5B00D7CFBA /* MainMenuViewModelTests.swift in Sources */,
				5CD3D6EB2BC05C1B00D7CFBA /* MockTodoService.swift in Sources */,
			);
			runOnlyForDeploymentPostprocessing = 0;
		};
		5CA270B42BBBD34300DC0E46 /* Sources */ = {
			isa = PBXSourcesBuildPhase;
			buildActionMask = 2147483647;
			files = (
				5CA270BF2BBBD34300DC0E46 /* UIKitTemplateUITestsLaunchTests.swift in Sources */,
			);
			runOnlyForDeploymentPostprocessing = 0;
		};
/* End PBXSourcesBuildPhase section */

/* Begin PBXTargetDependency section */
		5CA270B02BBBD34300DC0E46 /* PBXTargetDependency */ = {
			isa = PBXTargetDependency;
			target = 5CA270972BBBD34100DC0E46 /* UIKitTemplate */;
			targetProxy = 5CA270AF2BBBD34300DC0E46 /* PBXContainerItemProxy */;
		};
		5CA270BA2BBBD34300DC0E46 /* PBXTargetDependency */ = {
			isa = PBXTargetDependency;
			target = 5CA270972BBBD34100DC0E46 /* UIKitTemplate */;
			targetProxy = 5CA270B92BBBD34300DC0E46 /* PBXContainerItemProxy */;
		};
/* End PBXTargetDependency section */

/* Begin PBXVariantGroup section */
		5CA270A62BBBD34300DC0E46 /* LaunchScreen.storyboard */ = {
			isa = PBXVariantGroup;
			children = (
				5CA270A72BBBD34300DC0E46 /* Base */,
			);
			name = LaunchScreen.storyboard;
			sourceTree = "<group>";
		};
/* End PBXVariantGroup section */

/* Begin XCBuildConfiguration section */
		5CA270C02BBBD34300DC0E46 /* Debug */ = {
			isa = XCBuildConfiguration;
			buildSettings = {
				ALWAYS_SEARCH_USER_PATHS = NO;
				ASSETCATALOG_COMPILER_GENERATE_SWIFT_ASSET_SYMBOL_EXTENSIONS = YES;
				CLANG_ANALYZER_LOCALIZABILITY_NONLOCALIZED = YES;
				CLANG_ANALYZER_NONNULL = YES;
				CLANG_ANALYZER_NUMBER_OBJECT_CONVERSION = YES_AGGRESSIVE;
				CLANG_CXX_LANGUAGE_STANDARD = "gnu++20";
				CLANG_ENABLE_MODULES = YES;
				CLANG_ENABLE_OBJC_ARC = YES;
				CLANG_ENABLE_OBJC_WEAK = YES;
				CLANG_WARN_BLOCK_CAPTURE_AUTORELEASING = YES;
				CLANG_WARN_BOOL_CONVERSION = YES;
				CLANG_WARN_COMMA = YES;
				CLANG_WARN_CONSTANT_CONVERSION = YES;
				CLANG_WARN_DEPRECATED_OBJC_IMPLEMENTATIONS = YES;
				CLANG_WARN_DIRECT_OBJC_ISA_USAGE = YES_ERROR;
				CLANG_WARN_DOCUMENTATION_COMMENTS = YES;
				CLANG_WARN_EMPTY_BODY = YES;
				CLANG_WARN_ENUM_CONVERSION = YES;
				CLANG_WARN_INFINITE_RECURSION = YES;
				CLANG_WARN_INT_CONVERSION = YES;
				CLANG_WARN_NON_LITERAL_NULL_CONVERSION = YES;
				CLANG_WARN_OBJC_IMPLICIT_RETAIN_SELF = YES;
				CLANG_WARN_OBJC_LITERAL_CONVERSION = YES;
				CLANG_WARN_OBJC_ROOT_CLASS = YES_ERROR;
				CLANG_WARN_QUOTED_INCLUDE_IN_FRAMEWORK_HEADER = YES;
				CLANG_WARN_RANGE_LOOP_ANALYSIS = YES;
				CLANG_WARN_STRICT_PROTOTYPES = YES;
				CLANG_WARN_SUSPICIOUS_MOVE = YES;
				CLANG_WARN_UNGUARDED_AVAILABILITY = YES_AGGRESSIVE;
				CLANG_WARN_UNREACHABLE_CODE = YES;
				CLANG_WARN__DUPLICATE_METHOD_MATCH = YES;
				COPY_PHASE_STRIP = NO;
				DEBUG_INFORMATION_FORMAT = dwarf;
				ENABLE_STRICT_OBJC_MSGSEND = YES;
				ENABLE_TESTABILITY = YES;
				ENABLE_USER_SCRIPT_SANDBOXING = YES;
				GCC_C_LANGUAGE_STANDARD = gnu17;
				GCC_DYNAMIC_NO_PIC = NO;
				GCC_NO_COMMON_BLOCKS = YES;
				GCC_OPTIMIZATION_LEVEL = 0;
				GCC_PREPROCESSOR_DEFINITIONS = (
					"DEBUG=1",
					"$(inherited)",
				);
				GCC_WARN_64_TO_32_BIT_CONVERSION = YES;
				GCC_WARN_ABOUT_RETURN_TYPE = YES_ERROR;
				GCC_WARN_UNDECLARED_SELECTOR = YES;
				GCC_WARN_UNINITIALIZED_AUTOS = YES_AGGRESSIVE;
				GCC_WARN_UNUSED_FUNCTION = YES;
				GCC_WARN_UNUSED_VARIABLE = YES;
				IPHONEOS_DEPLOYMENT_TARGET = 17.0;
				LOCALIZATION_PREFERS_STRING_CATALOGS = YES;
				MTL_ENABLE_DEBUG_INFO = INCLUDE_SOURCE;
				MTL_FAST_MATH = YES;
				ONLY_ACTIVE_ARCH = YES;
				SDKROOT = iphoneos;
				SWIFT_ACTIVE_COMPILATION_CONDITIONS = "DEBUG $(inherited)";
				SWIFT_OPTIMIZATION_LEVEL = "-Onone";
			};
			name = Debug;
		};
		5CA270C12BBBD34300DC0E46 /* Release */ = {
			isa = XCBuildConfiguration;
			buildSettings = {
				ALWAYS_SEARCH_USER_PATHS = NO;
				ASSETCATALOG_COMPILER_GENERATE_SWIFT_ASSET_SYMBOL_EXTENSIONS = YES;
				CLANG_ANALYZER_LOCALIZABILITY_NONLOCALIZED = YES;
				CLANG_ANALYZER_NONNULL = YES;
				CLANG_ANALYZER_NUMBER_OBJECT_CONVERSION = YES_AGGRESSIVE;
				CLANG_CXX_LANGUAGE_STANDARD = "gnu++20";
				CLANG_ENABLE_MODULES = YES;
				CLANG_ENABLE_OBJC_ARC = YES;
				CLANG_ENABLE_OBJC_WEAK = YES;
				CLANG_WARN_BLOCK_CAPTURE_AUTORELEASING = YES;
				CLANG_WARN_BOOL_CONVERSION = YES;
				CLANG_WARN_COMMA = YES;
				CLANG_WARN_CONSTANT_CONVERSION = YES;
				CLANG_WARN_DEPRECATED_OBJC_IMPLEMENTATIONS = YES;
				CLANG_WARN_DIRECT_OBJC_ISA_USAGE = YES_ERROR;
				CLANG_WARN_DOCUMENTATION_COMMENTS = YES;
				CLANG_WARN_EMPTY_BODY = YES;
				CLANG_WARN_ENUM_CONVERSION = YES;
				CLANG_WARN_INFINITE_RECURSION = YES;
				CLANG_WARN_INT_CONVERSION = YES;
				CLANG_WARN_NON_LITERAL_NULL_CONVERSION = YES;
				CLANG_WARN_OBJC_IMPLICIT_RETAIN_SELF = YES;
				CLANG_WARN_OBJC_LITERAL_CONVERSION = YES;
				CLANG_WARN_OBJC_ROOT_CLASS = YES_ERROR;
				CLANG_WARN_QUOTED_INCLUDE_IN_FRAMEWORK_HEADER = YES;
				CLANG_WARN_RANGE_LOOP_ANALYSIS = YES;
				CLANG_WARN_STRICT_PROTOTYPES = YES;
				CLANG_WARN_SUSPICIOUS_MOVE = YES;
				CLANG_WARN_UNGUARDED_AVAILABILITY = YES_AGGRESSIVE;
				CLANG_WARN_UNREACHABLE_CODE = YES;
				CLANG_WARN__DUPLICATE_METHOD_MATCH = YES;
				COPY_PHASE_STRIP = NO;
				DEBUG_INFORMATION_FORMAT = "dwarf-with-dsym";
				ENABLE_NS_ASSERTIONS = NO;
				ENABLE_STRICT_OBJC_MSGSEND = YES;
				ENABLE_USER_SCRIPT_SANDBOXING = YES;
				GCC_C_LANGUAGE_STANDARD = gnu17;
				GCC_NO_COMMON_BLOCKS = YES;
				GCC_WARN_64_TO_32_BIT_CONVERSION = YES;
				GCC_WARN_ABOUT_RETURN_TYPE = YES_ERROR;
				GCC_WARN_UNDECLARED_SELECTOR = YES;
				GCC_WARN_UNINITIALIZED_AUTOS = YES_AGGRESSIVE;
				GCC_WARN_UNUSED_FUNCTION = YES;
				GCC_WARN_UNUSED_VARIABLE = YES;
				IPHONEOS_DEPLOYMENT_TARGET = 17.0;
				LOCALIZATION_PREFERS_STRING_CATALOGS = YES;
				MTL_ENABLE_DEBUG_INFO = NO;
				MTL_FAST_MATH = YES;
				SDKROOT = iphoneos;
				SWIFT_COMPILATION_MODE = wholemodule;
				VALIDATE_PRODUCT = YES;
			};
			name = Release;
		};
		5CA270C32BBBD34300DC0E46 /* Debug */ = {
			isa = XCBuildConfiguration;
			buildSettings = {
				ASSETCATALOG_COMPILER_APPICON_NAME = AppIcon;
				ASSETCATALOG_COMPILER_GLOBAL_ACCENT_COLOR_NAME = AccentColor;
				CODE_SIGN_STYLE = Automatic;
				CURRENT_PROJECT_VERSION = 1;
				DEVELOPMENT_TEAM = RG8SMRXD4P;
				GENERATE_INFOPLIST_FILE = YES;
				INFOPLIST_FILE = UIKitTemplate/Resources/Info.plist;
				INFOPLIST_KEY_UIApplicationSupportsIndirectInputEvents = YES;
				INFOPLIST_KEY_UILaunchStoryboardName = LaunchScreen;
				INFOPLIST_KEY_UISupportedInterfaceOrientations_iPad = "UIInterfaceOrientationPortrait UIInterfaceOrientationPortraitUpsideDown UIInterfaceOrientationLandscapeLeft UIInterfaceOrientationLandscapeRight";
				INFOPLIST_KEY_UISupportedInterfaceOrientations_iPhone = "UIInterfaceOrientationPortrait UIInterfaceOrientationLandscapeLeft UIInterfaceOrientationLandscapeRight";
				LD_RUNPATH_SEARCH_PATHS = (
					"$(inherited)",
					"@executable_path/Frameworks",
				);
				MARKETING_VERSION = 1.0;
				PRODUCT_BUNDLE_IDENTIFIER = PBTech.UIKitTemplate;
				PRODUCT_NAME = "$(TARGET_NAME)";
				SWIFT_EMIT_LOC_STRINGS = YES;
				SWIFT_VERSION = 5.0;
				TARGETED_DEVICE_FAMILY = "1,2";
			};
			name = Debug;
		};
		5CA270C42BBBD34300DC0E46 /* Release */ = {
			isa = XCBuildConfiguration;
			buildSettings = {
				ASSETCATALOG_COMPILER_APPICON_NAME = AppIcon;
				ASSETCATALOG_COMPILER_GLOBAL_ACCENT_COLOR_NAME = AccentColor;
				CODE_SIGN_STYLE = Automatic;
				CURRENT_PROJECT_VERSION = 1;
				DEVELOPMENT_TEAM = RG8SMRXD4P;
				GENERATE_INFOPLIST_FILE = YES;
				INFOPLIST_FILE = UIKitTemplate/Resources/Info.plist;
				INFOPLIST_KEY_UIApplicationSupportsIndirectInputEvents = YES;
				INFOPLIST_KEY_UILaunchStoryboardName = LaunchScreen;
				INFOPLIST_KEY_UISupportedInterfaceOrientations_iPad = "UIInterfaceOrientationPortrait UIInterfaceOrientationPortraitUpsideDown UIInterfaceOrientationLandscapeLeft UIInterfaceOrientationLandscapeRight";
				INFOPLIST_KEY_UISupportedInterfaceOrientations_iPhone = "UIInterfaceOrientationPortrait UIInterfaceOrientationLandscapeLeft UIInterfaceOrientationLandscapeRight";
				LD_RUNPATH_SEARCH_PATHS = (
					"$(inherited)",
					"@executable_path/Frameworks",
				);
				MARKETING_VERSION = 1.0;
				PRODUCT_BUNDLE_IDENTIFIER = PBTech.UIKitTemplate;
				PRODUCT_NAME = "$(TARGET_NAME)";
				SWIFT_EMIT_LOC_STRINGS = YES;
				SWIFT_VERSION = 5.0;
				TARGETED_DEVICE_FAMILY = "1,2";
			};
			name = Release;
		};
		5CA270C62BBBD34300DC0E46 /* Debug */ = {
			isa = XCBuildConfiguration;
			buildSettings = {
				ALWAYS_EMBED_SWIFT_STANDARD_LIBRARIES = YES;
				BUNDLE_LOADER = "$(TEST_HOST)";
				CODE_SIGN_STYLE = Automatic;
				CURRENT_PROJECT_VERSION = 1;
				DEVELOPMENT_TEAM = RG8SMRXD4P;
				GENERATE_INFOPLIST_FILE = YES;
				IPHONEOS_DEPLOYMENT_TARGET = 17.0;
				MARKETING_VERSION = 1.0;
				PRODUCT_BUNDLE_IDENTIFIER = PBTech.UIKitTemplateTests;
				PRODUCT_NAME = "$(TARGET_NAME)";
				SWIFT_EMIT_LOC_STRINGS = NO;
				SWIFT_VERSION = 5.0;
				TARGETED_DEVICE_FAMILY = "1,2";
				TEST_HOST = "$(BUILT_PRODUCTS_DIR)/UIKitTemplate.app/$(BUNDLE_EXECUTABLE_FOLDER_PATH)/UIKitTemplate";
			};
			name = Debug;
		};
		5CA270C72BBBD34300DC0E46 /* Release */ = {
			isa = XCBuildConfiguration;
			buildSettings = {
				ALWAYS_EMBED_SWIFT_STANDARD_LIBRARIES = YES;
				BUNDLE_LOADER = "$(TEST_HOST)";
				CODE_SIGN_STYLE = Automatic;
				CURRENT_PROJECT_VERSION = 1;
				DEVELOPMENT_TEAM = RG8SMRXD4P;
				GENERATE_INFOPLIST_FILE = YES;
				IPHONEOS_DEPLOYMENT_TARGET = 17.0;
				MARKETING_VERSION = 1.0;
				PRODUCT_BUNDLE_IDENTIFIER = PBTech.UIKitTemplateTests;
				PRODUCT_NAME = "$(TARGET_NAME)";
				SWIFT_EMIT_LOC_STRINGS = NO;
				SWIFT_VERSION = 5.0;
				TARGETED_DEVICE_FAMILY = "1,2";
				TEST_HOST = "$(BUILT_PRODUCTS_DIR)/UIKitTemplate.app/$(BUNDLE_EXECUTABLE_FOLDER_PATH)/UIKitTemplate";
			};
			name = Release;
		};
		5CA270C92BBBD34300DC0E46 /* Debug */ = {
			isa = XCBuildConfiguration;
			buildSettings = {
				ALWAYS_EMBED_SWIFT_STANDARD_LIBRARIES = YES;
				CODE_SIGN_STYLE = Automatic;
				CURRENT_PROJECT_VERSION = 1;
				DEVELOPMENT_TEAM = RG8SMRXD4P;
				GENERATE_INFOPLIST_FILE = YES;
				MARKETING_VERSION = 1.0;
				PRODUCT_BUNDLE_IDENTIFIER = PBTech.UIKitTemplateUITests;
				PRODUCT_NAME = "$(TARGET_NAME)";
				SWIFT_EMIT_LOC_STRINGS = NO;
				SWIFT_VERSION = 5.0;
				TARGETED_DEVICE_FAMILY = "1,2";
				TEST_TARGET_NAME = UIKitTemplate;
			};
			name = Debug;
		};
		5CA270CA2BBBD34300DC0E46 /* Release */ = {
			isa = XCBuildConfiguration;
			buildSettings = {
				ALWAYS_EMBED_SWIFT_STANDARD_LIBRARIES = YES;
				CODE_SIGN_STYLE = Automatic;
				CURRENT_PROJECT_VERSION = 1;
				DEVELOPMENT_TEAM = RG8SMRXD4P;
				GENERATE_INFOPLIST_FILE = YES;
				MARKETING_VERSION = 1.0;
				PRODUCT_BUNDLE_IDENTIFIER = PBTech.UIKitTemplateUITests;
				PRODUCT_NAME = "$(TARGET_NAME)";
				SWIFT_EMIT_LOC_STRINGS = NO;
				SWIFT_VERSION = 5.0;
				TARGETED_DEVICE_FAMILY = "1,2";
				TEST_TARGET_NAME = UIKitTemplate;
			};
			name = Release;
		};
/* End XCBuildConfiguration section */

/* Begin XCConfigurationList section */
		5CA270932BBBD34100DC0E46 /* Build configuration list for PBXProject "UIKitTemplate" */ = {
			isa = XCConfigurationList;
			buildConfigurations = (
				5CA270C02BBBD34300DC0E46 /* Debug */,
				5CA270C12BBBD34300DC0E46 /* Release */,
			);
			defaultConfigurationIsVisible = 0;
			defaultConfigurationName = Release;
		};
		5CA270C22BBBD34300DC0E46 /* Build configuration list for PBXNativeTarget "UIKitTemplate" */ = {
			isa = XCConfigurationList;
			buildConfigurations = (
				5CA270C32BBBD34300DC0E46 /* Debug */,
				5CA270C42BBBD34300DC0E46 /* Release */,
			);
			defaultConfigurationIsVisible = 0;
			defaultConfigurationName = Release;
		};
		5CA270C52BBBD34300DC0E46 /* Build configuration list for PBXNativeTarget "UIKitTemplateTests" */ = {
			isa = XCConfigurationList;
			buildConfigurations = (
				5CA270C62BBBD34300DC0E46 /* Debug */,
				5CA270C72BBBD34300DC0E46 /* Release */,
			);
			defaultConfigurationIsVisible = 0;
			defaultConfigurationName = Release;
		};
		5CA270C82BBBD34300DC0E46 /* Build configuration list for PBXNativeTarget "UIKitTemplateUITests" */ = {
			isa = XCConfigurationList;
			buildConfigurations = (
				5CA270C92BBBD34300DC0E46 /* Debug */,
				5CA270CA2BBBD34300DC0E46 /* Release */,
			);
			defaultConfigurationIsVisible = 0;
			defaultConfigurationName = Release;
		};
/* End XCConfigurationList section */
	};
	rootObject = 5CA270902BBBD34100DC0E46 /* Project object */;
}
